
Microsoft Visual Studio Solution File, Format Version 12.00
# Visual Studio Version 16
VisualStudioVersion = 16.0.31624.102
MinimumVisualStudioVersion = 10.0.40219.1
Project("{FAE04EC0-301F-11D3-BF4B-00C04F79EFBC}") = "LINQProduct", "LINQProduct.csproj", "{5CA156F5-F288-4BEB-BCDA-5439A1D2827E}"
EndProject
Global
	GlobalSection(SolutionConfigurationPlatforms) = preSolution
		Debug|Any CPU = Debug|Any CPU
		Release|Any CPU = Release|Any CPU
	EndGlobalSection
	GlobalSection(ProjectConfigurationPlatforms) = postSolution
		{5CA156F5-F288-4BEB-BCDA-5439A1D2827E}.Debug|Any CPU.ActiveCfg = Debug|Any CPU
		{5CA156F5-F288-4BEB-BCDA-5439A1D2827E}.Debug|Any CPU.Build.0 = Debug|Any CPU
		{5CA156F5-F288-4BEB-BCDA-5439A1D2827E}.Release|Any CPU.ActiveCfg = Release|Any CPU
		{5CA156F5-F288-4BEB-BCDA-5439A1D2827E}.Release|Any CPU.Build.0 = Release|Any CPU
	EndGlobalSection
	GlobalSection(SolutionProperties) = preSolution
		HideSolutionNode = FALSE
	EndGlobalSection
	GlobalSection(ExtensibilityGlobals) = postSolution
		SolutionGuid = {66616F0C-45E4-480B-B753-24E8E515EB01}
	EndGlobalSection
EndGlobal
